#MicroXplorer Configuration settings - do not modify
ADC1.Channel-10\#ChannelRegularConversion=ADC_CHANNEL_2
ADC1.Channel-11\#ChannelRegularConversion=ADC_CHANNEL_VREFINT
ADC1.Channel-3\#ChannelRegularConversion=ADC_CHANNEL_4
ADC1.Channel-4\#ChannelRegularConversion=ADC_CHANNEL_6
ADC1.Channel-5\#ChannelRegularConversion=ADC_CHANNEL_11
ADC1.Channel-6\#ChannelRegularConversion=ADC_CHANNEL_13
ADC1.Channel-7\#ChannelRegularConversion=ADC_CHANNEL_10
ADC1.Channel-8\#ChannelRegularConversion=ADC_CHANNEL_5
ADC1.Channel-9\#ChannelRegularConversion=ADC_CHANNEL_8
ADC1.ContinuousConvMode=ENABLE
ADC1.IPParameters=Rank-3\#ChannelRegularConversion,master,Channel-3\#ChannelRegularConversion,SamplingTime-3\#ChannelRegularConversion,NbrOfConversionFlag,ScanConvMode,ContinuousConvMode,Rank-4\#ChannelRegularConversion,Channel-4\#ChannelRegularConversion,SamplingTime-4\#ChannelRegularConversion,Rank-5\#ChannelRegularConversion,Channel-5\#ChannelRegularConversion,SamplingTime-5\#ChannelRegularConversion,Rank-6\#ChannelRegularConversion,Channel-6\#ChannelRegularConversion,SamplingTime-6\#ChannelRegularConversion,Rank-7\#ChannelRegularConversion,Channel-7\#ChannelRegularConversion,SamplingTime-7\#ChannelRegularConversion,Rank-8\#ChannelRegularConversion,Channel-8\#ChannelRegularConversion,SamplingTime-8\#ChannelRegularConversion,Rank-9\#ChannelRegularConversion,Channel-9\#ChannelRegularConversion,SamplingTime-9\#ChannelRegularConversion,Rank-10\#ChannelRegularConversion,Channel-10\#ChannelRegularConversion,SamplingTime-10\#ChannelRegularConversion,NbrOfConversion,Rank-11\#ChannelRegularConversion,Channel-11\#ChannelRegularConversion,SamplingTime-11\#ChannelRegularConversion
ADC1.NbrOfConversion=9
ADC1.NbrOfConversionFlag=1
ADC1.Rank-10\#ChannelRegularConversion=8
ADC1.Rank-11\#ChannelRegularConversion=9
ADC1.Rank-3\#ChannelRegularConversion=1
ADC1.Rank-4\#ChannelRegularConversion=2
ADC1.Rank-5\#ChannelRegularConversion=3
ADC1.Rank-6\#ChannelRegularConversion=4
ADC1.Rank-7\#ChannelRegularConversion=5
ADC1.Rank-8\#ChannelRegularConversion=6
ADC1.Rank-9\#ChannelRegularConversion=7
ADC1.SamplingTime-10\#ChannelRegularConversion=ADC_SAMPLETIME_480CYCLES
ADC1.SamplingTime-11\#ChannelRegularConversion=ADC_SAMPLETIME_480CYCLES
ADC1.SamplingTime-3\#ChannelRegularConversion=ADC_SAMPLETIME_480CYCLES
ADC1.SamplingTime-4\#ChannelRegularConversion=ADC_SAMPLETIME_480CYCLES
ADC1.SamplingTime-5\#ChannelRegularConversion=ADC_SAMPLETIME_480CYCLES
ADC1.SamplingTime-6\#ChannelRegularConversion=ADC_SAMPLETIME_480CYCLES
ADC1.SamplingTime-7\#ChannelRegularConversion=ADC_SAMPLETIME_480CYCLES
ADC1.SamplingTime-8\#ChannelRegularConversion=ADC_SAMPLETIME_480CYCLES
ADC1.SamplingTime-9\#ChannelRegularConversion=ADC_SAMPLETIME_480CYCLES
ADC1.ScanConvMode=ENABLE
ADC1.master=1
Dma.ADC1.0.Direction=DMA_PERIPH_TO_MEMORY
Dma.ADC1.0.FIFOMode=DMA_FIFOMODE_DISABLE
Dma.ADC1.0.Instance=DMA2_Stream0
Dma.ADC1.0.MemDataAlignment=DMA_MDATAALIGN_HALFWORD
Dma.ADC1.0.MemInc=DMA_MINC_ENABLE
Dma.ADC1.0.Mode=DMA_NORMAL
Dma.ADC1.0.PeriphDataAlignment=DMA_PDATAALIGN_HALFWORD
Dma.ADC1.0.PeriphInc=DMA_PINC_DISABLE
Dma.ADC1.0.Priority=DMA_PRIORITY_LOW
Dma.ADC1.0.RequestParameters=Instance,Direction,PeriphInc,MemInc,PeriphDataAlignment,MemDataAlignment,Mode,Priority,FIFOMode
Dma.Request0=ADC1
Dma.Request1=USART1_RX
Dma.Request2=USART1_TX
Dma.Request3=USART3_RX
Dma.Request4=USART3_TX
Dma.RequestsNb=5
Dma.USART1_RX.1.Direction=DMA_PERIPH_TO_MEMORY
Dma.USART1_RX.1.FIFOMode=DMA_FIFOMODE_DISABLE
Dma.USART1_RX.1.Instance=DMA2_Stream2
Dma.USART1_RX.1.MemDataAlignment=DMA_MDATAALIGN_BYTE
Dma.USART1_RX.1.MemInc=DMA_MINC_ENABLE
Dma.USART1_RX.1.Mode=DMA_CIRCULAR
Dma.USART1_RX.1.PeriphDataAlignment=DMA_PDATAALIGN_BYTE
Dma.USART1_RX.1.PeriphInc=DMA_PINC_DISABLE
Dma.USART1_RX.1.Priority=DMA_PRIORITY_VERY_HIGH
Dma.USART1_RX.1.RequestParameters=Instance,Direction,PeriphInc,MemInc,PeriphDataAlignment,MemDataAlignment,Mode,Priority,FIFOMode
Dma.USART1_TX.2.Direction=DMA_MEMORY_TO_PERIPH
Dma.USART1_TX.2.FIFOMode=DMA_FIFOMODE_DISABLE
Dma.USART1_TX.2.Instance=DMA2_Stream7
Dma.USART1_TX.2.MemDataAlignment=DMA_MDATAALIGN_BYTE
Dma.USART1_TX.2.MemInc=DMA_MINC_ENABLE
Dma.USART1_TX.2.Mode=DMA_NORMAL
Dma.USART1_TX.2.PeriphDataAlignment=DMA_PDATAALIGN_BYTE
Dma.USART1_TX.2.PeriphInc=DMA_PINC_DISABLE
Dma.USART1_TX.2.Priority=DMA_PRIORITY_HIGH
Dma.USART1_TX.2.RequestParameters=Instance,Direction,PeriphInc,MemInc,PeriphDataAlignment,MemDataAlignment,Mode,Priority,FIFOMode
Dma.USART3_RX.3.Direction=DMA_PERIPH_TO_MEMORY
Dma.USART3_RX.3.FIFOMode=DMA_FIFOMODE_DISABLE
Dma.USART3_RX.3.Instance=DMA1_Stream1
Dma.USART3_RX.3.MemDataAlignment=DMA_MDATAALIGN_BYTE
Dma.USART3_RX.3.MemInc=DMA_MINC_ENABLE
Dma.USART3_RX.3.Mode=DMA_NORMAL
Dma.USART3_RX.3.PeriphDataAlignment=DMA_PDATAALIGN_BYTE
Dma.USART3_RX.3.PeriphInc=DMA_PINC_DISABLE
Dma.USART3_RX.3.Priority=DMA_PRIORITY_MEDIUM
Dma.USART3_RX.3.RequestParameters=Instance,Direction,PeriphInc,MemInc,PeriphDataAlignment,MemDataAlignment,Mode,Priority,FIFOMode
Dma.USART3_TX.4.Direction=DMA_MEMORY_TO_PERIPH
Dma.USART3_TX.4.FIFOMode=DMA_FIFOMODE_DISABLE
Dma.USART3_TX.4.Instance=DMA1_Stream3
Dma.USART3_TX.4.MemDataAlignment=DMA_MDATAALIGN_BYTE
Dma.USART3_TX.4.MemInc=DMA_MINC_ENABLE
Dma.USART3_TX.4.Mode=DMA_NORMAL
Dma.USART3_TX.4.PeriphDataAlignment=DMA_PDATAALIGN_BYTE
Dma.USART3_TX.4.PeriphInc=DMA_PINC_DISABLE
Dma.USART3_TX.4.Priority=DMA_PRIORITY_MEDIUM
Dma.USART3_TX.4.RequestParameters=Instance,Direction,PeriphInc,MemInc,PeriphDataAlignment,MemDataAlignment,Mode,Priority,FIFOMode
File.Version=6
GPIO.groupedBy=Show All
KeepUserPlacement=false
Mcu.CPN=STM32F412RET6
Mcu.Family=STM32F4
Mcu.IP0=ADC1
Mcu.IP1=CRC
Mcu.IP10=TIM8
Mcu.IP11=TIM9
Mcu.IP12=USART1
Mcu.IP13=USART3
Mcu.IP2=DMA
Mcu.IP3=I2C1
Mcu.IP4=NVIC
Mcu.IP5=RCC
Mcu.IP6=SYS
Mcu.IP7=TIM1
Mcu.IP8=TIM3
Mcu.IP9=TIM5
Mcu.IPNb=14
Mcu.Name=STM32F412R(E-G)Tx
Mcu.Package=LQFP64
Mcu.Pin0=PC13
Mcu.Pin1=PC14-OSC32_IN
Mcu.Pin10=PA1
Mcu.Pin11=PA2
Mcu.Pin12=PA3
Mcu.Pin13=PA4
Mcu.Pin14=PA5
Mcu.Pin15=PA6
Mcu.Pin16=PA7
Mcu.Pin17=PC4
Mcu.Pin18=PC5
Mcu.Pin19=PB0
Mcu.Pin2=PC15-OSC32_OUT
Mcu.Pin20=PB1
Mcu.Pin21=PB2
Mcu.Pin22=PB10
Mcu.Pin23=PB12
Mcu.Pin24=PB13
Mcu.Pin25=PB14
Mcu.Pin26=PB15
Mcu.Pin27=PC6
Mcu.Pin28=PC7
Mcu.Pin29=PC8
Mcu.Pin3=PH0 - OSC_IN
Mcu.Pin30=PC9
Mcu.Pin31=PA8
Mcu.Pin32=PA9
Mcu.Pin33=PA10
Mcu.Pin34=PA11
Mcu.Pin35=PA12
Mcu.Pin36=PA13
Mcu.Pin37=PA14
Mcu.Pin38=PA15
Mcu.Pin39=PC10
Mcu.Pin4=PH1 - OSC_OUT
Mcu.Pin40=PC11
Mcu.Pin41=PC12
Mcu.Pin42=PD2
Mcu.Pin43=PB3
Mcu.Pin44=PB4
Mcu.Pin45=PB5
Mcu.Pin46=PB6
Mcu.Pin47=PB7
Mcu.Pin48=PB8
Mcu.Pin49=PB9
Mcu.Pin5=PC0
Mcu.Pin50=VP_ADC1_Vref_Input
Mcu.Pin51=VP_CRC_VS_CRC
Mcu.Pin6=PC1
Mcu.Pin7=PC2
Mcu.Pin8=PC3
Mcu.Pin9=PA0
Mcu.PinsNb=52
Mcu.ThirdPartyNb=0
Mcu.UserConstants=
Mcu.UserName=STM32F412RETx
MxCube.Version=6.6.1
MxDb.Version=DB.6.0.60
NVIC.BusFault_IRQn=true\:0\:0\:false\:false\:true\:false\:false\:false
NVIC.DMA1_Stream1_IRQn=true\:0\:0\:false\:false\:true\:false\:true\:true
NVIC.DMA1_Stream3_IRQn=true\:0\:0\:false\:false\:true\:false\:true\:true
NVIC.DMA2_Stream0_IRQn=true\:0\:0\:false\:false\:true\:false\:true\:true
NVIC.DMA2_Stream2_IRQn=true\:0\:0\:false\:false\:true\:false\:true\:true
NVIC.DMA2_Stream7_IRQn=true\:0\:0\:false\:false\:true\:false\:true\:true
NVIC.DebugMonitor_IRQn=true\:0\:0\:false\:false\:true\:false\:false\:false
NVIC.ForceEnableDMAVector=true
NVIC.HardFault_IRQn=true\:0\:0\:false\:false\:true\:false\:false\:false
NVIC.MemoryManagement_IRQn=true\:0\:0\:false\:false\:true\:false\:false\:false
NVIC.NonMaskableInt_IRQn=true\:0\:0\:false\:false\:true\:false\:false\:false
NVIC.PendSV_IRQn=true\:0\:0\:false\:false\:true\:false\:false\:false
NVIC.PriorityGroup=NVIC_PRIORITYGROUP_4
NVIC.SVCall_IRQn=true\:0\:0\:false\:false\:true\:false\:false\:false
NVIC.SysTick_IRQn=true\:15\:0\:false\:false\:true\:false\:true\:false
NVIC.USART1_IRQn=true\:0\:0\:false\:false\:true\:true\:true\:true
NVIC.USART3_IRQn=true\:0\:0\:false\:false\:true\:true\:true\:true
NVIC.UsageFault_IRQn=true\:0\:0\:false\:false\:true\:false\:false\:false
PA0.GPIOParameters=GPIO_Label
PA0.GPIO_Label=SHAFT_ENCA
PA0.Signal=S_TIM5_CH1
PA1.GPIOParameters=GPIO_Label
PA1.GPIO_Label=SHAFT_ENCB
PA1.Signal=S_TIM5_CH2
PA10.GPIOParameters=GPIO_Label
PA10.GPIO_Label=BBT_SERVO_X
PA10.Signal=S_TIM1_CH3
PA11.GPIOParameters=GPIO_Label
PA11.GPIO_Label=M1_PWM
PA11.Signal=S_TIM1_CH4
PA12.GPIOParameters=GPIO_Label
PA12.GPIO_Label=M5_ENCA
PA12.Locked=true
PA12.Signal=GPXTI12
PA13.Mode=JTAG_5_pins
PA13.Signal=SYS_JTMS-SWDIO
PA14.Mode=JTAG_5_pins
PA14.Signal=SYS_JTCK-SWCLK
PA15.Mode=JTAG_5_pins
PA15.Signal=SYS_JTDI
PA2.GPIOParameters=GPIO_Label
PA2.GPIO_Label=PEND_POT
PA2.Locked=true
PA2.Signal=ADCx_IN2
PA3.GPIOParameters=GPIO_Label
PA3.GPIO_Label=BBT_SERVO_Y
PA3.Signal=S_TIM9_CH2
PA4.GPIOParameters=GPIO_Label
PA4.GPIO_Label=M1_POT_ENCB
PA4.Locked=true
PA4.Signal=SharedStack_PA4
PA4.Stacked=true
PA5.GPIOParameters=GPIO_Label
PA5.GPIO_Label=M6_POT_ENCB
PA5.Locked=true
PA5.Signal=SharedStack_PA5
PA5.Stacked=true
PA6.GPIOParameters=GPIO_Label
PA6.GPIO_Label=M2_POT_ENCB
PA6.Locked=true
PA6.Signal=SharedStack_PA6
PA6.Stacked=true
PA7.GPIOParameters=GPIO_Label
PA7.GPIO_Label=M2_PWM
PA7.Locked=true
PA7.Signal=S_TIM3_CH2
PA8.GPIOParameters=GPIO_Label
PA8.GPIO_Label=M5_PWM
PA8.Signal=S_TIM1_CH1
PA9.GPIOParameters=GPIO_Label
PA9.GPIO_Label=M6_PWM
PA9.Signal=S_TIM1_CH2
PB0.GPIOParameters=GPIO_Label
PB0.GPIO_Label=BB_POT
PB0.Locked=true
PB0.Signal=ADCx_IN8
PB1.GPIOParameters=GPIO_Label
PB1.GPIO_Label=DEBUG_LED
PB1.Locked=true
PB1.Signal=GPIO_Output
PB10.GPIOParameters=GPIO_Label
PB10.GPIO_Label=M3_DIR
PB10.Locked=true
PB10.Signal=GPIO_Output
PB12.GPIOParameters=GPIO_Label
PB12.GPIO_Label=M6_DIR
PB12.Locked=true
PB12.Signal=GPIO_Output
PB13.GPIOParameters=GPIO_Label
PB13.GPIO_Label=DOF_DIR
PB13.Locked=true
PB13.Signal=GPIO_Output
PB14.GPIOParameters=GPIO_Label
PB14.GPIO_Label=M3_ENCA
PB14.Locked=true
PB14.Signal=GPXTI14
PB15.GPIOParameters=GPIO_Label
PB15.GPIO_Label=DELTA_MGNT
PB15.Locked=true
PB15.Signal=GPIO_Output
PB2.GPIOParameters=GPIO_Label
PB2.GPIO_Label=M1_ENCA
PB2.Locked=true
PB2.Signal=GPXTI2
PB3.Mode=JTAG_5_pins
PB3.Signal=SYS_JTDO-SWO
PB4.Mode=JTAG_5_pins
PB4.Signal=SYS_JTRST
PB5.GPIOParameters=GPIO_Label
PB5.GPIO_Label=DOF_EN
PB5.Locked=true
PB5.Signal=GPIO_Output
PB6.Locked=true
PB6.Mode=Asynchronous
PB6.Signal=USART1_TX
PB7.Locked=true
PB7.Mode=Asynchronous
PB7.Signal=USART1_RX
PB8.Mode=I2C
PB8.Signal=I2C1_SCL
PB9.Mode=I2C
PB9.Signal=I2C1_SDA
PC0.GPIOParameters=GPIO_Label
PC0.GPIO_Label=M5_POT_ENCB
PC0.Locked=true
PC0.Signal=SharedStack_PC0
PC0.Stacked=true
PC1.GPIOParameters=GPIO_Label
PC1.GPIO_Label=M3_POT_ENCB
PC1.Locked=true
PC1.Signal=SharedStack_PC1
PC1.Stacked=true
PC10.GPIOParameters=GPIO_Label
PC10.GPIO_Label=BBT_TS_TX
PC10.Mode=Asynchronous
PC10.Signal=USART3_TX
PC11.GPIOParameters=GPIO_Label
PC11.GPIO_Label=M6_ENCA
PC11.Locked=true
PC11.Signal=GPXTI11
PC12.GPIOParameters=GPIO_Label
PC12.GPIO_Label=M1_DIR
PC12.Locked=true
PC12.Signal=GPIO_Output
PC13.GPIOParameters=GPIO_Label
PC13.GPIO_Label=M2_ENCA
PC13.Locked=true
PC13.Signal=GPXTI13
PC14-OSC32_IN.GPIOParameters=GPIO_Label
PC14-OSC32_IN.GPIO_Label=M4_DIR
PC14-OSC32_IN.Locked=true
PC14-OSC32_IN.Signal=GPIO_Output
PC15-OSC32_OUT.GPIOParameters=GPIO_Label
PC15-OSC32_OUT.GPIO_Label=M4_ENCA
PC15-OSC32_OUT.Locked=true
PC15-OSC32_OUT.Signal=GPXTI15
PC2.GPIOParameters=GPIO_Label
PC2.GPIO_Label=STW_EN
PC2.Locked=true
PC2.Signal=GPIO_Output
PC3.GPIOParameters=GPIO_Label
PC3.GPIO_Label=M4_POT_ENCB
PC3.Locked=true
PC3.Signal=SharedStack_PC3
PC3.Stacked=true
PC4.GPIOParameters=GPIO_Label
PC4.GPIO_Label=M2_DIR
PC4.Locked=true
PC4.Signal=GPIO_Output
PC5.GPIOParameters=GPIO_Label
PC5.GPIO_Label=BBT_TS_RX
PC5.Mode=Asynchronous
PC5.Signal=USART3_RX
PC6.GPIOParameters=GPIO_Label
PC6.GPIO_Label=DOF_ENC1A
PC6.Signal=S_TIM8_CH1
PC7.GPIOParameters=GPIO_Label
PC7.GPIO_Label=DOF_ENC1B
PC7.Signal=S_TIM8_CH2
PC8.GPIOParameters=GPIO_Label
PC8.GPIO_Label=M3_DOF_PWM
PC8.Signal=S_TIM3_CH3
PC9.GPIOParameters=GPIO_Label
PC9.GPIO_Label=M4_PWM
PC9.Signal=S_TIM3_CH4
PD2.GPIOParameters=GPIO_Label
PD2.GPIO_Label=M5_DIR
PD2.Locked=true
PD2.Signal=GPIO_Output
PH0\ -\ OSC_IN.Mode=HSE-External-Oscillator
PH0\ -\ OSC_IN.Signal=RCC_OSC_IN
PH1\ -\ OSC_OUT.Mode=HSE-External-Oscillator
PH1\ -\ OSC_OUT.Signal=RCC_OSC_OUT
PinOutPanel.RotationAngle=0
ProjectManager.AskForMigrate=true
ProjectManager.BackupPrevious=false
ProjectManager.CompilerOptimize=6
ProjectManager.ComputerToolchain=false
ProjectManager.CoupleFile=true
ProjectManager.CustomerFirmwarePackage=
ProjectManager.DefaultFWLocation=true
ProjectManager.DeletePrevious=true
ProjectManager.DeviceId=STM32F412RETx
ProjectManager.FirmwarePackage=STM32Cube FW_F4 V1.27.1
ProjectManager.FreePins=false
ProjectManager.HalAssertFull=false
ProjectManager.HeapSize=0x200
ProjectManager.KeepUserCode=true
ProjectManager.LastFirmware=true
ProjectManager.LibraryCopy=1
ProjectManager.MainLocation=Core/Src
ProjectManager.NoMain=false
ProjectManager.PreviousToolchain=STM32CubeIDE
ProjectManager.ProjectBuild=false
ProjectManager.ProjectFileName=Controller_v2_EEPROM_Config.ioc
ProjectManager.ProjectName=Controller_v2_EEPROM_Config
ProjectManager.RegisterCallBack=
ProjectManager.StackSize=0x400
ProjectManager.TargetToolchain=STM32CubeIDE
ProjectManager.ToolChainLocation=
ProjectManager.UnderRoot=true
ProjectManager.functionlistsort=1-SystemClock_Config-RCC-false-HAL-false,2-MX_GPIO_Init-GPIO-false-LL-true,3-MX_DMA_Init-DMA-false-LL-true,4-MX_USART1_UART_Init-USART1-false-LL-true,5-MX_USART3_UART_Init-USART3-false-HAL-true,6-MX_I2C1_Init-I2C1-false-HAL-true,7-MX_TIM1_Init-TIM1-false-HAL-true,8-MX_TIM3_Init-TIM3-false-HAL-true,9-MX_ADC1_Init-ADC1-false-HAL-true,10-MX_TIM5_Init-TIM5-false-HAL-true,11-MX_TIM8_Init-TIM8-false-HAL-true,12-MX_TIM9_Init-TIM9-false-HAL-true,13-MX_CRC_Init-CRC-false-HAL-true,14-MX_IWDG_Init-IWDG-false-HAL-true
RCC.AHBFreq_Value=100000000
RCC.APB1CLKDivider=RCC_HCLK_DIV2
RCC.APB1Freq_Value=50000000
RCC.APB1TimFreq_Value=100000000
RCC.APB2Freq_Value=100000000
RCC.APB2TimFreq_Value=100000000
RCC.CortexFreq_Value=100000000
RCC.DFSDMAudioFreq_Value=72000000
RCC.DFSDMFreq_Value=100000000
RCC.FCLKCortexFreq_Value=100000000
RCC.FMPI2C1Freq_Value=50000000
RCC.FamilyName=M
RCC.HCLKFreq_Value=100000000
RCC.HSE_VALUE=12000000
RCC.I2S1Freq_Value=72000000
RCC.I2S2Freq_Value=72000000
RCC.IPParameters=AHBFreq_Value,APB1CLKDivider,APB1Freq_Value,APB1TimFreq_Value,APB2Freq_Value,APB2TimFreq_Value,CortexFreq_Value,DFSDMAudioFreq_Value,DFSDMFreq_Value,FCLKCortexFreq_Value,FMPI2C1Freq_Value,FamilyName,HCLKFreq_Value,HSE_VALUE,I2S1Freq_Value,I2S2Freq_Value,MCO2PinFreq_Value,PLLCLKFreq_Value,PLLI2SPCLKFreq_Value,PLLI2SQCLKFreq_Value,PLLI2SQoutputFreq_Value,PLLI2SRCLKFreq_Value,PLLI2SoutputFreq_Value,PLLM,PLLN,PLLQCLKFreq_Value,PLLQoutputFreq_Value,PLLRCLKFreq_Value,PLLRoutputFreq_Value,PLLSourceVirtual,RNGFreq_Value,SDIOFreq_Value,SYSCLKFreq_VALUE,SYSCLKSource,USBFreq_Value,VCOI2SInputFreq_Value,VCOI2SOutputFreq_Value,VCOInputFreq_Value,VCOOutputFreq_Value
RCC.MCO2PinFreq_Value=100000000
RCC.PLLCLKFreq_Value=100000000
RCC.PLLI2SPCLKFreq_Value=72000000
RCC.PLLI2SQCLKFreq_Value=72000000
RCC.PLLI2SQoutputFreq_Value=72000000
RCC.PLLI2SRCLKFreq_Value=72000000
RCC.PLLI2SoutputFreq_Value=72000000
RCC.PLLM=6
RCC.PLLN=100
RCC.PLLQCLKFreq_Value=100000000
RCC.PLLQoutputFreq_Value=100000000
RCC.PLLRCLKFreq_Value=100000000
RCC.PLLRoutputFreq_Value=100000000
RCC.PLLSourceVirtual=RCC_PLLSOURCE_HSE
RCC.RNGFreq_Value=100000000
RCC.SDIOFreq_Value=100000000
RCC.SYSCLKFreq_VALUE=100000000
RCC.SYSCLKSource=RCC_SYSCLKSOURCE_PLLCLK
RCC.USBFreq_Value=100000000
RCC.VCOI2SInputFreq_Value=750000
RCC.VCOI2SOutputFreq_Value=144000000
RCC.VCOInputFreq_Value=2000000
RCC.VCOOutputFreq_Value=200000000
SH.ADCx_IN2.0=ADC1_IN2,IN2
SH.ADCx_IN2.ConfNb=1
SH.ADCx_IN8.0=ADC1_IN8,IN8
SH.ADCx_IN8.ConfNb=1
SH.GPXTI11.0=GPIO_EXTI11
SH.GPXTI11.ConfNb=1
SH.GPXTI12.0=GPIO_EXTI12
SH.GPXTI12.ConfNb=1
SH.GPXTI13.0=GPIO_EXTI13
SH.GPXTI13.ConfNb=1
SH.GPXTI14.0=GPIO_EXTI14
SH.GPXTI14.ConfNb=1
SH.GPXTI15.0=GPIO_EXTI15
SH.GPXTI15.ConfNb=1
SH.GPXTI2.0=GPIO_EXTI2
SH.GPXTI2.ConfNb=1
SH.S_TIM1_CH1.0=TIM1_CH1,PWM Generation1 CH1
SH.S_TIM1_CH1.ConfNb=1
SH.S_TIM1_CH2.0=TIM1_CH2,PWM Generation2 CH2
SH.S_TIM1_CH2.ConfNb=1
SH.S_TIM1_CH3.0=TIM1_CH3,PWM Generation3 CH3
SH.S_TIM1_CH3.ConfNb=1
SH.S_TIM1_CH4.0=TIM1_CH4,PWM Generation4 CH4
SH.S_TIM1_CH4.ConfNb=1
SH.S_TIM3_CH2.0=TIM3_CH2,PWM Generation2 CH2
SH.S_TIM3_CH2.ConfNb=1
SH.S_TIM3_CH3.0=TIM3_CH3,PWM Generation3 CH3
SH.S_TIM3_CH3.ConfNb=1
SH.S_TIM3_CH4.0=TIM3_CH4,PWM Generation4 CH4
SH.S_TIM3_CH4.ConfNb=1
SH.S_TIM5_CH1.0=TIM5_CH1,Encoder_Interface
SH.S_TIM5_CH1.ConfNb=1
SH.S_TIM5_CH2.0=TIM5_CH2,Encoder_Interface
SH.S_TIM5_CH2.ConfNb=1
SH.S_TIM8_CH1.0=TIM8_CH1,Encoder_Interface
SH.S_TIM8_CH1.ConfNb=1
SH.S_TIM8_CH2.0=TIM8_CH2,Encoder_Interface
SH.S_TIM8_CH2.ConfNb=1
SH.S_TIM9_CH2.0=TIM9_CH2,PWM Generation2 CH2
SH.S_TIM9_CH2.ConfNb=1
SH.SharedStack_PA4.0=GPIO_EXTI4+0
SH.SharedStack_PA4.1=ADC1_IN4,IN4
SH.SharedStack_PA4.ConfNb=2
SH.SharedStack_PA5.0=GPIO_EXTI5+0
SH.SharedStack_PA5.1=ADC1_IN5,IN5
SH.SharedStack_PA5.ConfNb=2
SH.SharedStack_PA6.0=GPIO_EXTI6+0
SH.SharedStack_PA6.1=ADC1_IN6,IN6
SH.SharedStack_PA6.ConfNb=2
SH.SharedStack_PC0.0=GPIO_EXTI0+0
SH.SharedStack_PC0.1=ADC1_IN10,IN10
SH.SharedStack_PC0.ConfNb=2
SH.SharedStack_PC1.0=GPIO_EXTI1+0
SH.SharedStack_PC1.1=ADC1_IN11,IN11
SH.SharedStack_PC1.ConfNb=2
SH.SharedStack_PC3.0=GPIO_EXTI3+0
SH.SharedStack_PC3.1=ADC1_IN13,IN13
SH.SharedStack_PC3.ConfNb=2
TIM1.Channel-PWM\ Generation1\ CH1=TIM_CHANNEL_1
TIM1.Channel-PWM\ Generation2\ CH2=TIM_CHANNEL_2
TIM1.Channel-PWM\ Generation3\ CH3=TIM_CHANNEL_3
TIM1.Channel-PWM\ Generation4\ CH4=TIM_CHANNEL_4
TIM1.IPParameters=Channel-PWM Generation1 CH1,Channel-PWM Generation2 CH2,Channel-PWM Generation3 CH3,Channel-PWM Generation4 CH4
TIM3.Channel-PWM\ Generation2\ CH2=TIM_CHANNEL_2
TIM3.Channel-PWM\ Generation3\ CH3=TIM_CHANNEL_3
TIM3.Channel-PWM\ Generation4\ CH4=TIM_CHANNEL_4
TIM3.IPParameters=Channel-PWM Generation2 CH2,Channel-PWM Generation3 CH3,Channel-PWM Generation4 CH4
TIM9.Channel-PWM\ Generation2\ CH2=TIM_CHANNEL_2
TIM9.IPParameters=Channel-PWM Generation2 CH2
USART1.IPParameters=VirtualMode
USART1.VirtualMode=VM_ASYNC
USART3.IPParameters=VirtualMode
USART3.VirtualMode=VM_ASYNC
VP_ADC1_Vref_Input.Mode=IN-Vrefint
VP_ADC1_Vref_Input.Signal=ADC1_Vref_Input
VP_CRC_VS_CRC.Mode=CRC_Activate
VP_CRC_VS_CRC.Signal=CRC_VS_CRC
board=custom
isbadioc=false
